<Solution>
  <Project Path="../../../../../../Desktop/GestioResidencia/GestionResidenciaSLN/GestionDeResidencia/GestionDeResidencia.csproj" Id="34996a32-3c4d-4d8c-a07d-590583ccf91f" />
  <Project Path="../../../../../../Desktop/GestioResidencia/GestionResidenciaSLN/GestionResidencia/GestionResidencia.csproj" />
</Solution>
